
Microsoft Visual Studio Solution File, Format Version 12.00
# Visual Studio Version 16
VisualStudioVersion = 16.0.31624.102
MinimumVisualStudioVersion = 10.0.40219.1
Project("{FAE04EC0-301F-11D3-BF4B-00C04F79EFBC}") = "motor", "motor\motor.csproj", "{1F103AA6-5A21-4B64-9F54-33DC2B70F4C1}"
EndProject
Global
	GlobalSection(SolutionConfigurationPlatforms) = preSolution
		Debug|Any CPU = Debug|Any CPU
		Release|Any CPU = Release|Any CPU
	EndGlobalSection
	GlobalSection(ProjectConfigurationPlatforms) = postSolution
		{1F103AA6-5A21-4B64-9F54-33DC2B70F4C1}.Debug|Any CPU.ActiveCfg = Debug|Any CPU
		{1F103AA6-5A21-4B64-9F54-33DC2B70F4C1}.Debug|Any CPU.Build.0 = Debug|Any CPU
		{1F103AA6-5A21-4B64-9F54-33DC2B70F4C1}.Release|Any CPU.ActiveCfg = Release|Any CPU
		{1F103AA6-5A21-4B64-9F54-33DC2B70F4C1}.Release|Any CPU.Build.0 = Release|Any CPU
	EndGlobalSection
	GlobalSection(SolutionProperties) = preSolution
		HideSolutionNode = FALSE
	EndGlobalSection
	GlobalSection(ExtensibilityGlobals) = postSolution
		SolutionGuid = {B730606E-EA3D-42FB-95D2-9B35E3C28107}
	EndGlobalSection
EndGlobal
